
Microsoft Visual Studio Solution File, Format Version 12.00
# Visual Studio Version 17
VisualStudioVersion = 17.7.34202.233
MinimumVisualStudioVersion = 10.0.40219.1
Project("{FAE04EC0-301F-11D3-BF4B-00C04F79EFBC}") = "MVC_StokTakip", "MVC_StokTakip.csproj", "{F430E18D-377C-41A2-9814-006C9AD1BBC8}"
EndProject
Global
	GlobalSection(SolutionConfigurationPlatforms) = preSolution
		Debug|Any CPU = Debug|Any CPU
		Release|Any CPU = Release|Any CPU
	EndGlobalSection
	GlobalSection(ProjectConfigurationPlatforms) = postSolution
		{F430E18D-377C-41A2-9814-006C9AD1BBC8}.Debug|Any CPU.ActiveCfg = Debug|Any CPU
		{F430E18D-377C-41A2-9814-006C9AD1BBC8}.Debug|Any CPU.Build.0 = Debug|Any CPU
		{F430E18D-377C-41A2-9814-006C9AD1BBC8}.Release|Any CPU.ActiveCfg = Release|Any CPU
		{F430E18D-377C-41A2-9814-006C9AD1BBC8}.Release|Any CPU.Build.0 = Release|Any CPU
	EndGlobalSection
	GlobalSection(SolutionProperties) = preSolution
		HideSolutionNode = FALSE
	EndGlobalSection
	GlobalSection(ExtensibilityGlobals) = postSolution
		SolutionGuid = {013BF2B8-59E4-43C0-9CF6-54422CAA3C8B}
	EndGlobalSection
EndGlobal
